
Microsoft Visual Studio Solution File, Format Version 12.00
# Visual Studio Version 17
VisualStudioVersion = 17.4.33110.190
MinimumVisualStudioVersion = 10.0.40219.1
Project("{FAE04EC0-301F-11D3-BF4B-00C04F79EFBC}") = "ConsoleApp52", "ConsoleApp52.csproj", "{D1C172C6-9BBE-491F-A758-486ACE769A21}"
EndProject
Global
	GlobalSection(SolutionConfigurationPlatforms) = preSolution
		Debug|Any CPU = Debug|Any CPU
		Release|Any CPU = Release|Any CPU
	EndGlobalSection
	GlobalSection(ProjectConfigurationPlatforms) = postSolution
		{D1C172C6-9BBE-491F-A758-486ACE769A21}.Debug|Any CPU.ActiveCfg = Debug|Any CPU
		{D1C172C6-9BBE-491F-A758-486ACE769A21}.Debug|Any CPU.Build.0 = Debug|Any CPU
		{D1C172C6-9BBE-491F-A758-486ACE769A21}.Release|Any CPU.ActiveCfg = Release|Any CPU
		{D1C172C6-9BBE-491F-A758-486ACE769A21}.Release|Any CPU.Build.0 = Release|Any CPU
	EndGlobalSection
	GlobalSection(SolutionProperties) = preSolution
		HideSolutionNode = FALSE
	EndGlobalSection
	GlobalSection(ExtensibilityGlobals) = postSolution
		SolutionGuid = {3DFA126F-9B8F-4255-82AE-8BB6AE1BD535}
	EndGlobalSection
EndGlobal
